
Microsoft Visual Studio Solution File, Format Version 12.00
# Visual Studio Version 17
VisualStudioVersion = 17.8.34322.80
MinimumVisualStudioVersion = 10.0.40219.1
Project("{8BC9CEB8-8B4A-11D0-8D11-00A0C91BC942}") = "GDExtensionVS", "GDExtensionVS.vcxproj", "{710C6B44-6283-4410-86BD-8243CD6580FB}"
EndProject
Global
	GlobalSection(SolutionConfigurationPlatforms) = preSolution
		Debug_EDITOR_Godot|x64 = Debug_EDITOR_Godot|x64
		Debug_EDITOR_Godot|x86 = Debug_EDITOR_Godot|x86
		Debug_GAME_Godot|x64 = Debug_GAME_Godot|x64
		Debug_GAME_Godot|x86 = Debug_GAME_Godot|x86
	EndGlobalSection
	GlobalSection(ProjectConfigurationPlatforms) = postSolution
		{710C6B44-6283-4410-86BD-8243CD6580FB}.Debug_EDITOR_Godot|x64.ActiveCfg = Debug_EDITOR_Godot|x64
		{710C6B44-6283-4410-86BD-8243CD6580FB}.Debug_EDITOR_Godot|x64.Build.0 = Debug_EDITOR_Godot|x64
		{710C6B44-6283-4410-86BD-8243CD6580FB}.Debug_EDITOR_Godot|x86.ActiveCfg = Debug_EDITOR_Godot|Win32
		{710C6B44-6283-4410-86BD-8243CD6580FB}.Debug_EDITOR_Godot|x86.Build.0 = Debug_EDITOR_Godot|Win32
		{710C6B44-6283-4410-86BD-8243CD6580FB}.Debug_GAME_Godot|x64.ActiveCfg = Debug_GAME_Godot|x64
		{710C6B44-6283-4410-86BD-8243CD6580FB}.Debug_GAME_Godot|x64.Build.0 = Debug_GAME_Godot|x64
		{710C6B44-6283-4410-86BD-8243CD6580FB}.Debug_GAME_Godot|x86.ActiveCfg = Debug_GAME_Godot|Win32
		{710C6B44-6283-4410-86BD-8243CD6580FB}.Debug_GAME_Godot|x86.Build.0 = Debug_GAME_Godot|Win32
	EndGlobalSection
	GlobalSection(SolutionProperties) = preSolution
		HideSolutionNode = FALSE
	EndGlobalSection
	GlobalSection(ExtensibilityGlobals) = postSolution
		SolutionGuid = {EF8F9C91-F6F9-4CAA-95AF-4A0AF2611DF1}
	EndGlobalSection
EndGlobal
